
Microsoft Visual Studio Solution File, Format Version 12.00
# Visual Studio Version 16
VisualStudioVersion = 16.0.31105.61
MinimumVisualStudioVersion = 10.0.40219.1
Project("{2150E333-8FDC-42A3-9474-1A3956D46DE8}") = "Worker", "Worker", "{FDB56A94-3180-45C9-BE13-43992AF65350}"
EndProject
Project("{9A19103F-16F7-4668-BE54-9A1E7A4F7556}") = "Worker", "Worker\Worker.csproj", "{B6F39EB1-B2C2-42CC-B693-38F03A6F72A2}"
EndProject
Global
	GlobalSection(SolutionConfigurationPlatforms) = preSolution
		Debug|Any CPU = Debug|Any CPU
		Release|Any CPU = Release|Any CPU
	EndGlobalSection
	GlobalSection(ProjectConfigurationPlatforms) = postSolution
		{B6F39EB1-B2C2-42CC-B693-38F03A6F72A2}.Debug|Any CPU.ActiveCfg = Debug|Any CPU
		{B6F39EB1-B2C2-42CC-B693-38F03A6F72A2}.Debug|Any CPU.Build.0 = Debug|Any CPU
		{B6F39EB1-B2C2-42CC-B693-38F03A6F72A2}.Release|Any CPU.ActiveCfg = Release|Any CPU
		{B6F39EB1-B2C2-42CC-B693-38F03A6F72A2}.Release|Any CPU.Build.0 = Release|Any CPU
	EndGlobalSection
	GlobalSection(SolutionProperties) = preSolution
		HideSolutionNode = FALSE
	EndGlobalSection
	GlobalSection(NestedProjects) = preSolution
		{B6F39EB1-B2C2-42CC-B693-38F03A6F72A2} = {FDB56A94-3180-45C9-BE13-43992AF65350}
	EndGlobalSection
	GlobalSection(ExtensibilityGlobals) = postSolution
		SolutionGuid = {FAA77A35-A52E-4806-8613-8E00E9B19ADE}
	EndGlobalSection
EndGlobal
